<?xml version="1.0" encoding="UTF-8" standalone="yes" ?>
<CodeBlocks_project_file>
	<FileVersion major="1" minor="6" />
	<Project>
		<Option title="test" />
		<Option pch_mode="2" />
		<Option compiler="gcc" />
		<Build>
			<Target title="Debug">
				<Option output="bin/Debug/test" prefix_auto="1" extension_auto="1" />
				<Option object_output="obj/Debug/" />
				<Option type="1" />
				<Option compiler="gcc" />
				<Compiler>
					<Add option="-g" />
					<Add directory="core" />
				</Compiler>
				<Linker>
					<Add option="-lSDL2" />
					<Add option="-ltmx" />
					<Add option="-lyaml-cpp" />
					<Add directory="libs/linux" />
				</Linker>
			</Target>
			<Target title="Release">
				<Option output="bin/Release/test" prefix_auto="1" extension_auto="1" />
				<Option object_output="obj/Release/" />
				<Option type="1" />
				<Option compiler="gcc" />
				<Compiler>
					<Add option="-O2" />
				</Compiler>
				<Linker>
					<Add option="-s" />
				</Linker>
			</Target>
		</Build>
		<Compiler>
			<Add option="-Wall" />
		</Compiler>
		<Linker>
			<Add option="-L/usr/local/lib/ -lSDL2" />
			<Add option="-lSDL2_image" />
		</Linker>
		<Unit filename="core/application/application.cpp" />
		<Unit filename="core/application/application.h" />
		<Unit filename="core/ecs/component/componentArray.h" />
		<Unit filename="core/ecs/component/componentManager.cpp" />
		<Unit filename="core/ecs/component/componentManager.h" />
		<Unit filename="core/ecs/defs.h" />
		<Unit filename="core/ecs/ecs.h" />
		<Unit filename="core/ecs/entity/entity.cpp" />
		<Unit filename="core/ecs/entity/entity.h" />
		<Unit filename="core/entry/entry.cpp" />
		<Unit filename="core/entry/entry.h" />
		<Unit filename="core/tmx/tmx.h" />
		<Unit filename="core/tmx/tmx_utils.h" />
		<Unit filename="core/yaml-cpp/anchor.h" />
		<Unit filename="core/yaml-cpp/binary.h" />
		<Unit filename="core/yaml-cpp/contrib/anchordict.h" />
		<Unit filename="core/yaml-cpp/contrib/graphbuilder.h" />
		<Unit filename="core/yaml-cpp/depthguard.h" />
		<Unit filename="core/yaml-cpp/dll.h" />
		<Unit filename="core/yaml-cpp/emitfromevents.h" />
		<Unit filename="core/yaml-cpp/emitter.h" />
		<Unit filename="core/yaml-cpp/emitterdef.h" />
		<Unit filename="core/yaml-cpp/emittermanip.h" />
		<Unit filename="core/yaml-cpp/emitterstyle.h" />
		<Unit filename="core/yaml-cpp/eventhandler.h" />
		<Unit filename="core/yaml-cpp/exceptions.h" />
		<Unit filename="core/yaml-cpp/mark.h" />
		<Unit filename="core/yaml-cpp/node/convert.h" />
		<Unit filename="core/yaml-cpp/node/detail/impl.h" />
		<Unit filename="core/yaml-cpp/node/detail/iterator.h" />
		<Unit filename="core/yaml-cpp/node/detail/iterator_fwd.h" />
		<Unit filename="core/yaml-cpp/node/detail/memory.h" />
		<Unit filename="core/yaml-cpp/node/detail/node.h" />
		<Unit filename="core/yaml-cpp/node/detail/node_data.h" />
		<Unit filename="core/yaml-cpp/node/detail/node_iterator.h" />
		<Unit filename="core/yaml-cpp/node/detail/node_ref.h" />
		<Unit filename="core/yaml-cpp/node/emit.h" />
		<Unit filename="core/yaml-cpp/node/impl.h" />
		<Unit filename="core/yaml-cpp/node/iterator.h" />
		<Unit filename="core/yaml-cpp/node/node.h" />
		<Unit filename="core/yaml-cpp/node/parse.h" />
		<Unit filename="core/yaml-cpp/node/ptr.h" />
		<Unit filename="core/yaml-cpp/node/type.h" />
		<Unit filename="core/yaml-cpp/noexcept.h" />
		<Unit filename="core/yaml-cpp/null.h" />
		<Unit filename="core/yaml-cpp/ostream_wrapper.h" />
		<Unit filename="core/yaml-cpp/parser.h" />
		<Unit filename="core/yaml-cpp/stlemitter.h" />
		<Unit filename="core/yaml-cpp/traits.h" />
		<Unit filename="core/yaml-cpp/yaml.h" />
		<Unit filename="test.cpp" />
		<Extensions>
			<lib_finder disable_auto="1" />
		</Extensions>
	</Project>
</CodeBlocks_project_file>
