<?xml version="1.0" encoding="utf-8"?>
<Project ToolsVersion="4.0" xmlns="http://schemas.microsoft.com/developer/msbuild/2003">
  <ItemGroup>
    <Filter Include="Source Files">
      <UniqueIdentifier>{4FC737F1-C7A5-4376-A066-2A32D752A2FF}</UniqueIdentifier>
      <Extensions>cpp;c;cc;cxx;c++;cppm;ixx;def;odl;idl;hpj;bat;asm;asmx</Extensions>
    </Filter>
    <Filter Include="Header Files">
      <UniqueIdentifier>{93995380-89BD-4b04-88EB-625FBE52EBFB}</UniqueIdentifier>
      <Extensions>h;hh;hpp;hxx;h++;hm;inl;inc;ipp;xsd</Extensions>
    </Filter>
    <Filter Include="Resource Files">
      <UniqueIdentifier>{67DA6AB6-F800-4c08-8B7A-83BB121AAD01}</UniqueIdentifier>
      <Extensions>rc;ico;cur;bmp;dlg;rc2;rct;bin;rgs;gif;jpg;jpeg;jpe;resx;tiff;tif;png;wav;mfcribbon-ms</Extensions>
    </Filter>
    <Filter Include="core">
      <UniqueIdentifier>{4abbf2b2-ed32-4c93-817c-1ab677444523}</UniqueIdentifier>
    </Filter>
    <Filter Include="core\application">
      <UniqueIdentifier>{2f90d9b6-2bbc-43ed-baa5-63e9b01f0553}</UniqueIdentifier>
    </Filter>
    <Filter Include="core\ecs">
      <UniqueIdentifier>{075ced1c-f421-4b4a-aeac-8028fbca61aa}</UniqueIdentifier>
    </Filter>
    <Filter Include="core\ecs\component">
      <UniqueIdentifier>{a66b4b85-7ef4-4314-961b-d71a02571a83}</UniqueIdentifier>
    </Filter>
    <Filter Include="core\ecs\component\tilemap">
      <UniqueIdentifier>{9f641ae7-a9bb-4914-9f92-a004d3f13b28}</UniqueIdentifier>
    </Filter>
    <Filter Include="core\ecs\entity">
      <UniqueIdentifier>{c719adb5-da53-407f-bd9c-48f44a5be72f}</UniqueIdentifier>
    </Filter>
    <Filter Include="core\entry">
      <UniqueIdentifier>{84f5ce96-57b4-49dc-b3da-f90f92783d73}</UniqueIdentifier>
    </Filter>
    <Filter Include="core\event">
      <UniqueIdentifier>{263b7f8a-5878-4dae-8c2e-3ca40952827f}</UniqueIdentifier>
    </Filter>
    <Filter Include="core\renderer">
      <UniqueIdentifier>{d3dda040-65c8-4bc6-9be0-cb1473c4925d}</UniqueIdentifier>
    </Filter>
    <Filter Include="core\scene">
      <UniqueIdentifier>{a478e059-9a70-463a-aa69-ab7e8d911543}</UniqueIdentifier>
    </Filter>
    <Filter Include="core\serializer">
      <UniqueIdentifier>{6d045892-ebbf-4d04-aae4-9e068c74dab7}</UniqueIdentifier>
    </Filter>
    <Filter Include="core\texture">
      <UniqueIdentifier>{e39a35d3-bf4e-417c-b8de-5e37048d057f}</UniqueIdentifier>
    </Filter>
    <Filter Include="core\util">
      <UniqueIdentifier>{b39891a3-e545-43da-9b0e-961d104a1814}</UniqueIdentifier>
    </Filter>
    <Filter Include="core\util\blur">
      <UniqueIdentifier>{16b9a578-136e-4409-bb24-a2de68bc8235}</UniqueIdentifier>
    </Filter>
    <Filter Include="core\util\geometry">
      <UniqueIdentifier>{39eaa087-fc2e-4805-9fe7-245d3d87bf09}</UniqueIdentifier>
    </Filter>
    <Filter Include="core\util\observable">
      <UniqueIdentifier>{78f36a64-be50-42b0-a876-a59931e2931f}</UniqueIdentifier>
    </Filter>
    <Filter Include="Resource Files\assets">
      <UniqueIdentifier>{6df8ef43-5f80-44c3-8dec-aa0eb7fede89}</UniqueIdentifier>
    </Filter>
    <Filter Include="Resource Files\assets\prefabs">
      <UniqueIdentifier>{7faa71e4-4464-4c4d-880f-d1bc5fa7ef6b}</UniqueIdentifier>
    </Filter>
    <Filter Include="Resource Files\assets\scenes">
      <UniqueIdentifier>{ea16eff6-f7d1-4784-a523-92abe96f89e0}</UniqueIdentifier>
    </Filter>
  </ItemGroup>
  <ItemGroup>
    <ClCompile Include="..\test.cpp">
      <Filter>Source Files</Filter>
    </ClCompile>
    <ClCompile Include="..\core\application\application.cpp">
      <Filter>core\application</Filter>
    </ClCompile>
    <ClCompile Include="..\core\ecs\component\camera.cpp">
      <Filter>core\ecs\component</Filter>
    </ClCompile>
    <ClCompile Include="..\core\ecs\component\manager.cpp">
      <Filter>core\ecs\component</Filter>
    </ClCompile>
    <ClCompile Include="..\core\ecs\component\sprites.cpp">
      <Filter>core\ecs\component</Filter>
    </ClCompile>
    <ClCompile Include="..\core\ecs\component\tilemap\drawer.cpp">
      <Filter>core\ecs\component\tilemap</Filter>
    </ClCompile>
    <ClCompile Include="..\core\ecs\component\tilemap\tilemap.cpp">
      <Filter>core\ecs\component\tilemap</Filter>
    </ClCompile>
    <ClCompile Include="..\core\ecs\entity\container.cpp">
      <Filter>core\ecs\entity</Filter>
    </ClCompile>
    <ClCompile Include="..\core\ecs\entity\entity.cpp">
      <Filter>core\ecs\entity</Filter>
    </ClCompile>
    <ClCompile Include="..\core\entry\entry.cpp">
      <Filter>core\entry</Filter>
    </ClCompile>
    <ClCompile Include="..\core\event\event.cpp">
      <Filter>core\event</Filter>
    </ClCompile>
    <ClCompile Include="..\core\event\listner.cpp">
      <Filter>core\event</Filter>
    </ClCompile>
    <ClCompile Include="..\core\renderer\renderer.cpp">
      <Filter>core\renderer</Filter>
    </ClCompile>
    <ClCompile Include="..\core\scene\scene.cpp">
      <Filter>core\scene</Filter>
    </ClCompile>
    <ClCompile Include="..\core\scene\sceneManager.cpp">
      <Filter>core\scene</Filter>
    </ClCompile>
    <ClCompile Include="..\core\serializer\serializer.cpp">
      <Filter>core\serializer</Filter>
    </ClCompile>
    <ClCompile Include="..\core\texture\texture.cpp">
      <Filter>core\texture</Filter>
    </ClCompile>
    <ClCompile Include="..\core\util\blur\blur.cpp">
      <Filter>core\util\blur</Filter>
    </ClCompile>
  </ItemGroup>
  <ItemGroup>
    <ClInclude Include="..\core\core.h">
      <Filter>core</Filter>
    </ClInclude>
    <ClInclude Include="..\core\application\application.h">
      <Filter>core\application</Filter>
    </ClInclude>
    <ClInclude Include="..\core\ecs\baseCamera.h">
      <Filter>core\ecs</Filter>
    </ClInclude>
    <ClInclude Include="..\core\ecs\baseScript.h">
      <Filter>core\ecs</Filter>
    </ClInclude>
    <ClInclude Include="..\core\ecs\components.h">
      <Filter>core\ecs</Filter>
    </ClInclude>
    <ClInclude Include="..\core\ecs\defs.h">
      <Filter>core\ecs</Filter>
    </ClInclude>
    <ClInclude Include="..\core\ecs\ecs.h">
      <Filter>core\ecs</Filter>
    </ClInclude>
    <ClInclude Include="..\core\ecs\component\array.h">
      <Filter>core\ecs\component</Filter>
    </ClInclude>
    <ClInclude Include="..\core\ecs\component\manager.h">
      <Filter>core\ecs\component</Filter>
    </ClInclude>
    <ClInclude Include="..\core\ecs\entity\entity.h">
      <Filter>core\ecs\entity</Filter>
    </ClInclude>
    <ClInclude Include="..\core\event\event.h">
      <Filter>core\event</Filter>
    </ClInclude>
    <ClInclude Include="..\core\event\input.h">
      <Filter>core\event</Filter>
    </ClInclude>
    <ClInclude Include="..\core\renderer\renderer.h">
      <Filter>core\renderer</Filter>
    </ClInclude>
    <ClInclude Include="..\core\scene\scene.h">
      <Filter>core\scene</Filter>
    </ClInclude>
    <ClInclude Include="..\core\serializer\serializer.h">
      <Filter>core\serializer</Filter>
    </ClInclude>
    <ClInclude Include="..\core\texture\texture.h">
      <Filter>core\texture</Filter>
    </ClInclude>
    <ClInclude Include="..\core\util\util.h">
      <Filter>core\util</Filter>
    </ClInclude>
    <ClInclude Include="..\core\util\blur\blur.h">
      <Filter>core\util\blur</Filter>
    </ClInclude>
    <ClInclude Include="..\core\util\geometry\vector.h">
      <Filter>core\util\geometry</Filter>
    </ClInclude>
    <ClInclude Include="..\core\util\geometry\visibility.h">
      <Filter>core\util\geometry</Filter>
    </ClInclude>
    <ClInclude Include="..\core\util\observable\observable.h">
      <Filter>core\util\observable</Filter>
    </ClInclude>
  </ItemGroup>
  <ItemGroup>
    <None Include="assets\prefabs\mob.entt">
      <Filter>Resource Files\assets\prefabs</Filter>
    </None>
    <None Include="assets\scenes\box2d.scn">
      <Filter>Resource Files\assets\scenes</Filter>
    </None>
    <None Include="assets\scenes\main.scn">
      <Filter>Resource Files\assets\scenes</Filter>
    </None>
    <None Include="assets\app.cfg">
      <Filter>Resource Files\assets</Filter>
    </None>
  </ItemGroup>
  <ItemGroup>
    <Image Include="assets\_texture.png">
      <Filter>Resource Files\assets</Filter>
    </Image>
  </ItemGroup>
</Project>